github.com/dave/dst v0.27.0 h1:vh51Zc/7bH5YfbspFsEizLuQ1xm6zDQWMJiIlZhiNQ4=
github.com/dave/dst v0.27.0/go.mod h1:eF/UOVnw9Ech3NkZFCdtujtISJFRYf11+I93p+RI5S4=
github.com/dave/jennifer v1.5.0 h1:HmgPN93bVDpkQyYbqhCHj5QlgvUkvEOzMyEvKLgCRrg=
github.com/sergi/go-diff v1.2.0 h1:XU+rvMAioB0UC3q1MFrIQy4Vo5/4VsRDQQXHsEya6xQ=
golang.org/x/mod v0.6.0-dev.0.20220419223038-86c51ed26bb4 h1:6zppjxzCulZykYSLyVDYbneBfbaBIQPYMevg0bEwv2s=
golang.org/x/mod v0.6.0-dev.0.20220419223038-86c51ed26bb4/go.mod h1:jJ57K6gSWd91VN4djpZkiMVwK6gcyfeH4XE8wZrZaV4=
golang.org/x/sys v0.0.0-20220704084225-05e143d24a9e h1:CsOuNlbOuf0mzxJIefr6Q4uAUetRUwZE4qt7VfzP+xo=
golang.org/x/sys v0.0.0-20220704084225-05e143d24a9e/go.mod h1:oPkhp1MJrh7nUepCBck5+mAzfO9JrbApNNgaTdGDITg=
golang.org/x/tools v0.1.11 h1:loJ25fNOEhSXfHrpoGj91eCUThwdNX6u24rO1xnNteY=
golang.org/x/tools v0.1.11/go.mod h1:SgwaegtQh8clINPpECJMqnxLv9I09HLqnW3RMqW0CA4=
